
Microsoft Visual Studio Solution File, Format Version 12.00
# Visual Studio Version 17
VisualStudioVersion = 17.4.33213.308
MinimumVisualStudioVersion = 10.0.40219.1
Project("{FAE04EC0-301F-11D3-BF4B-00C04F79EFBC}") = "Lawliet", "Lawliet\Lawliet.csproj", "{064C4D82-7D00-443E-868C-34671A1783B9}"
EndProject
Global
	GlobalSection(SolutionConfigurationPlatforms) = preSolution
		Debug|Any CPU = Debug|Any CPU
		Release|Any CPU = Release|Any CPU
	EndGlobalSection
	GlobalSection(ProjectConfigurationPlatforms) = postSolution
		{064C4D82-7D00-443E-868C-34671A1783B9}.Debug|Any CPU.ActiveCfg = Debug|Any CPU
		{064C4D82-7D00-443E-868C-34671A1783B9}.Debug|Any CPU.Build.0 = Debug|Any CPU
		{064C4D82-7D00-443E-868C-34671A1783B9}.Release|Any CPU.ActiveCfg = Release|Any CPU
		{064C4D82-7D00-443E-868C-34671A1783B9}.Release|Any CPU.Build.0 = Release|Any CPU
	EndGlobalSection
	GlobalSection(SolutionProperties) = preSolution
		HideSolutionNode = FALSE
	EndGlobalSection
	GlobalSection(ExtensibilityGlobals) = postSolution
		SolutionGuid = {EBBDE814-8BEC-45B1-98CE-AB29EC400CED}
	EndGlobalSection
EndGlobal
